{
  "version": "2",
  "remote": {
    "https://deno.land/std@0.177.0/_util/asserts.ts": "178dfc49a464aee693a7e285567b3d0b555dc805ff490505a8aae34f9cfb1462",
    "https://deno.land/std@0.177.0/_util/os.ts": "d932f56d41e4f6a6093d56044e29ce637f8dcc43c5a90af43504a889cf1775e3",
    "https://deno.land/std@0.177.0/bytes/index_of_needle.ts": "65c939607df609374c4415598fa4dad04a2f14c4d98cd15775216f0aaf597f24",
    "https://deno.land/std@0.177.0/encoding/base64.ts": "7de04c2f8aeeb41453b09b186480be90f2ff357613b988e99fabb91d2eeceba1",
    "https://deno.land/std@0.177.0/encoding/base64url.ts": "3f1178f6446834457b16bfde8b559c1cd3481727fe384d3385e4a9995dc2d851",
    "https://deno.land/std@0.177.0/node/_core.ts": "9a58c0ef98ee77e9b8fcc405511d1b37a003a705eb6a9b6e95f75434d8009adc",
    "https://deno.land/std@0.177.0/node/_utils.ts": "7fd55872a0cf9275e3c080a60e2fa6d45b8de9e956ebcde9053e72a344185884",
    "https://deno.land/std@0.177.0/node/buffer.ts": "85617be2063eccaf177dbb84c7580d1e32023724ed14bd9df4e453b152a26167",
    "https://deno.land/std@0.177.0/node/internal/buffer.d.ts": "bdfa991cd88cb02fd08bf8235d2618550e3e511c970b2a8f2e1a6885a2793cac",
    "https://deno.land/std@0.177.0/node/internal/buffer.mjs": "e92303a3cc6d9aaabcd270a937ad9319825d9ba08cb332650944df4562029b27",
    "https://deno.land/std@0.177.0/node/internal/crypto/_keys.ts": "8f3c3b5a141aa0331a53c205e9338655f1b3b307a08085fd6ff6dda6f7c4190b",
    "https://deno.land/std@0.177.0/node/internal/crypto/constants.ts": "544d605703053218499b08214f2e25cf4310651d535b7ab995891c4b7a217693",
    "https://deno.land/std@0.177.0/node/internal/error_codes.ts": "8495e33f448a484518d76fa3d41d34fc20fe03c14b30130ad8e936b0035d4b8b",
    "https://deno.land/std@0.177.0/node/internal/errors.ts": "1c699b8a3cb93174f697a348c004b1c6d576b66688eac8a48ebb78e65c720aae",
    "https://deno.land/std@0.177.0/node/internal/hide_stack_frames.ts": "9dd1bad0a6e62a1042ce3a51eb1b1ecee2f246907bff44835f86e8f021de679a",
    "https://deno.land/std@0.177.0/node/internal/normalize_encoding.mjs": "fd1d9df61c44d7196432f6e8244621468715131d18cc79cd299fc78ac549f707",
    "https://deno.land/std@0.177.0/node/internal/primordials.mjs": "a72d86b5aa55d3d50b8e916b6a59b7cc0dc5a31da8937114b4a113ad5aa08c74",
    "https://deno.land/std@0.177.0/node/internal/util.mjs": "f7fe2e1ca5e66f550ad0856b9f5ee4d666f0c071fe212ea7fc7f37cfa81f97a5",
    "https://deno.land/std@0.177.0/node/internal/util/inspect.mjs": "11d7c9cab514b8e485acc3978c74b837263ff9c08ae4537fa18ad56bae633259",
    "https://deno.land/std@0.177.0/node/internal/util/types.ts": "0e587b44ec5e017cf228589fc5ce9983b75beece6c39409c34170cfad49d6417",
    "https://deno.land/std@0.177.0/node/internal/validators.mjs": "e02f2b02dd072a5d623970292588d541204dc82207b4c58985d933a5f4b382e6",
    "https://deno.land/std@0.177.0/node/internal_binding/_libuv_winerror.ts": "30c9569603d4b97a1f1a034d88a3f74800d5ea1f12fcc3d225c9899d4e1a518b",
    "https://deno.land/std@0.177.0/node/internal_binding/_node.ts": "cb2389b0eab121df99853eb6a5e3a684e4537e065fb8bf2cca0cbf219ce4e32e",
    "https://deno.land/std@0.177.0/node/internal_binding/_utils.ts": "7c58a2fbb031a204dee9583ba211cf9c67922112fe77e7f0b3226112469e9fe1",
    "https://deno.land/std@0.177.0/node/internal_binding/_winerror.ts": "3e8cfdfe22e89f13d2b28529bab35155e6b1730c0221ec5a6fc7077dc037be13",
    "https://deno.land/std@0.177.0/node/internal_binding/buffer.ts": "31729e0537921d6c730ad0afea44a7e8a0a1044d070ade8368226cb6f7390c8b",
    "https://deno.land/std@0.177.0/node/internal_binding/constants.ts": "21ff9d1ee71d0a2086541083a7711842fc6ae25e264dbf45c73815aadce06f4c",
    "https://deno.land/std@0.177.0/node/internal_binding/string_decoder.ts": "54c3c1cbd5a9254881be58bf22637965dc69535483014dab60487e299cb95445",
    "https://deno.land/std@0.177.0/node/internal_binding/types.ts": "2187595a58d2cf0134f4db6cc2a12bf777f452f52b15b6c3aed73fa072aa5fc3",
    "https://deno.land/std@0.177.0/node/internal_binding/util.ts": "808ff3b92740284184ab824adfc420e75398c88c8bccf5111f0c24ac18c48f10",
    "https://deno.land/std@0.177.0/node/internal_binding/uv.ts": "eb0048e30af4db407fb3f95563e30d70efd6187051c033713b0a5b768593a3a3",
    "https://deno.land/std@0.186.0/fmt/colors.ts": "d67e3cd9f472535241a8e410d33423980bec45047e343577554d3356e1f0ef4e",
    "https://esm.sh/v120/*gun@0.2020.1239": "c2af332fa6db9b4cfbb9d127e2e663cb3d266cd72edddd2b6283c57442f70b16",
    "https://esm.sh/v120/*gun@0.2020.1239/sea": "d99c5ffb8fe6c95c488b34d102f4bb157d623b7ad54ca96eb63501898286dd95",
    "https://esm.sh/v120/gun@0.2020.1239/X-ZS8q/deno/gun.mjs": "fd331854d420ef89be7beec381cda83796d186c70d41c17960ecb3b4d7caef5a",
    "https://esm.sh/v120/gun@0.2020.1239/X-ZS8q/deno/sea.js": "38cc410b2f0e2ff32a810136eebf3bc80c6d4df27b49c3e901959891f0fd876c",
    "https://esm.sh/v120/gun@0.2020.1239/X-ZS8q/index.d.ts": "8b36fedd65e4fb882809a21d2919577621982af339b9901818ece017ebfcf250",
    "https://esm.sh/v120/gun@0.2020.1239/X-ZS8q/sea.d.ts": "a4fd313c8832d78fe9385b9c5b1b23db3b850c8370665c589c4382da030d95d4",
    "https://esm.sh/v120/gun@0.2020.1239/X-ZS8q/types/gun/GunCallbackGet.d.ts": "8a095563a78b3d5f7e4d9b099dbca12c9b3dea737a1959af12465905b03bccba",
    "https://esm.sh/v120/gun@0.2020.1239/X-ZS8q/types/gun/GunCallbackMap.d.ts": "586962ff2d63d4ddd00fe3b7bb4f5d8e893e06a7fd498cbe3e24ce314665dfd0",
    "https://esm.sh/v120/gun@0.2020.1239/X-ZS8q/types/gun/GunCallbackOn.d.ts": "dbc73784a30f3723606baae187957aa9b95755a47ec26d03b046e2f1670e2509",
    "https://esm.sh/v120/gun@0.2020.1239/X-ZS8q/types/gun/GunCallbackOnce.d.ts": "99ebcb0cd2acb7a266c2c9181a897676343cb9d1c7ffab130a08b5edd80392e0",
    "https://esm.sh/v120/gun@0.2020.1239/X-ZS8q/types/gun/GunCallbackPut.d.ts": "44fdee19b6480b231283af9df377f059683f28840946901913b2e0d8b3a67a0a",
    "https://esm.sh/v120/gun@0.2020.1239/X-ZS8q/types/gun/GunDataNode.d.ts": "a6ba81168ba1a9c83297742763e5fb30ec3d54c21ab40968d63fc301a57fcb07",
    "https://esm.sh/v120/gun@0.2020.1239/X-ZS8q/types/gun/GunHookCallbackBye.d.ts": "f1d84e9de80f8746343de9e3e9d6983123152177b077c2f10260ad9c98abd986",
    "https://esm.sh/v120/gun@0.2020.1239/X-ZS8q/types/gun/GunHookCallbackCreate.d.ts": "42bf3291d03526abf4ed11ef0f3d8850f42f41b3059bd5fce1ea08eeb714f06f",
    "https://esm.sh/v120/gun@0.2020.1239/X-ZS8q/types/gun/GunHookCallbackGet.d.ts": "cabbf413cb1118f55501d8b8d7c49a021e6d93caf4630f81b4c202a60ebbb8ad",
    "https://esm.sh/v120/gun@0.2020.1239/X-ZS8q/types/gun/GunHookCallbackHi.d.ts": "ce80ea1482f3266b08233417a4e5aaf30d31ed2784b9bccc6c3126bf375c6ffa",
    "https://esm.sh/v120/gun@0.2020.1239/X-ZS8q/types/gun/GunHookCallbackIn.d.ts": "a8100e4d6d4fc844a23de08419a516f03394898b4d11893b0d602a59dcca0090",
    "https://esm.sh/v120/gun@0.2020.1239/X-ZS8q/types/gun/GunHookCallbackOpt.d.ts": "f84f35badcc0297975d3cf8a15790b117031f2fbc2491941c0a91b9563dbddc5",
    "https://esm.sh/v120/gun@0.2020.1239/X-ZS8q/types/gun/GunHookCallbackOut.d.ts": "069125fcbfd1a9d8573a5c3e01b7efae6efffe9200fac37d0a3b84f8feba7171",
    "https://esm.sh/v120/gun@0.2020.1239/X-ZS8q/types/gun/GunHookCallbackPut.d.ts": "bb72feacca46f57273216d19d330a9ccf3f22a9e4d1c6292d901f8aeb145d8c6",
    "https://esm.sh/v120/gun@0.2020.1239/X-ZS8q/types/gun/GunNodeGet.d.ts": "c9334f102d1a15ada1670c22151638f28c7b451c9063b86e371151ab200c553f",
    "https://esm.sh/v120/gun@0.2020.1239/X-ZS8q/types/gun/GunNodePut.d.ts": "c58126d5d7b7be699b54ed51e8699bc49e11d3528da44f89b629ebf416477cde",
    "https://esm.sh/v120/gun@0.2020.1239/X-ZS8q/types/gun/GunOptions.d.ts": "1854ad82f027a2c80ac4e5082b53c6e1ced4079cf4025cc2e0bf3b0fa3bf79e2",
    "https://esm.sh/v120/gun@0.2020.1239/X-ZS8q/types/gun/GunOptionsOn.d.ts": "421398b24a1735ad49ce79ad8bce0a3d7eb017163750488534ea36babd06d61c",
    "https://esm.sh/v120/gun@0.2020.1239/X-ZS8q/types/gun/GunOptionsOnce.d.ts": "3b3c417826e6317c7eb8837f8502fcf927d36eebce4a1cd3c3f8a3f60ec57615",
    "https://esm.sh/v120/gun@0.2020.1239/X-ZS8q/types/gun/GunOptionsPut.d.ts": "c4976b028ea10b5e68d9ba465e8a6e175e583d28e43b0115f0edc5cefb8ba8bc",
    "https://esm.sh/v120/gun@0.2020.1239/X-ZS8q/types/gun/GunPeer.d.ts": "56f11b487fa64e3f5d356de0ecc54b89c4323074ef02e319ff97944ba089f02d",
    "https://esm.sh/v120/gun@0.2020.1239/X-ZS8q/types/gun/GunSchema.d.ts": "945e0377e7edefc820d034cf6266f2e1f85b50fe537368146682902d29110d34",
    "https://esm.sh/v120/gun@0.2020.1239/X-ZS8q/types/gun/GunSoul.d.ts": "465e4328eadd257ccb386c8fd5294888382bf9c178e6ed0ce598b53bfb267ce6",
    "https://esm.sh/v120/gun@0.2020.1239/X-ZS8q/types/gun/GunValueSimple.d.ts": "ab1ec5841981d6902bcb99489ec4336a2c300388fd3779ac255f8fff78722066",
    "https://esm.sh/v120/gun@0.2020.1239/X-ZS8q/types/gun/IGun.d.ts": "f2bd094f86422b40988055d040bb6862939578582ea83f876a005fbbbc9f1fac",
    "https://esm.sh/v120/gun@0.2020.1239/X-ZS8q/types/gun/IGunChain.d.ts": "0e45eaf394c1e4571a5bc5f39e644987e1052686b01f074136b1c732be9dfb33",
    "https://esm.sh/v120/gun@0.2020.1239/X-ZS8q/types/gun/IGunHookContext.d.ts": "81328325117cbf19b52d7deba6e5f01088c125a144c6164c74aee1ce29a5383e",
    "https://esm.sh/v120/gun@0.2020.1239/X-ZS8q/types/gun/IGunInstance.d.ts": "acc3ce6019c18237158e06042e702c13d96cb8e086676b951b088073baafe4b7",
    "https://esm.sh/v120/gun@0.2020.1239/X-ZS8q/types/gun/IGunInstanceHookHandler.d.ts": "3e3ca731f7c1b89c28ec1d98a4df3ea20bdec708e77fd030cb35f996e03bf255",
    "https://esm.sh/v120/gun@0.2020.1239/X-ZS8q/types/gun/IGunInstanceRoot.d.ts": "d33dbaaf95e7c721b8b9eb55c243c4577015ec1fd5f2898a3baff8703fe7b272",
    "https://esm.sh/v120/gun@0.2020.1239/X-ZS8q/types/gun/IGunMeta.d.ts": "d5c5ed9d94643fca8928d3f40c8243d30455d284d7549bb4cf9b06c16bf10880",
    "https://esm.sh/v120/gun@0.2020.1239/X-ZS8q/types/gun/IGunOnEvent.d.ts": "048b7bee10b36b44d2c191aa7e15c74279b249c1584276051a3e4dd0dc0ef7b1",
    "https://esm.sh/v120/gun@0.2020.1239/X-ZS8q/types/gun/LEX.d.ts": "62acd6db7df15a459b1965f45d732e588eed45c628c9807fba37d1f11c7c7037",
    "https://esm.sh/v120/gun@0.2020.1239/X-ZS8q/types/gun/LEXQuery.d.ts": "fb4fec4c99e928d797b774633dc3a15d449ed02e7f3290d394d57d7beb5dbd02",
    "https://esm.sh/v120/gun@0.2020.1239/X-ZS8q/types/gun/_GunRoot.d.ts": "abd5f3e142b8ea23b409d94faafe54679faa8186d3ba4857adcc097673ceb70a",
    "https://esm.sh/v120/gun@0.2020.1239/X-ZS8q/types/gun/index.d.ts": "4c184441b086ce4fc29699ed500fd9dd9530da2c223c5186947db062668ecbc3",
    "https://esm.sh/v120/gun@0.2020.1239/X-ZS8q/types/gun/pany.d.ts": "0add5ce9c3717891bf9c14a5984794f49b15a68d40800bd51a857ce372532104",
    "https://esm.sh/v120/gun@0.2020.1239/X-ZS8q/types/index.d.ts": "49d791c6411e2fa3b45f3834b2d1fa24ffa61a7a7f62a1d7e57867882a4918fa",
    "https://esm.sh/v120/gun@0.2020.1239/X-ZS8q/types/sea/GunCallbackUserAuth.d.ts": "8628c844678ea02d53cb8fb79d533f994639a8f98a4d96eba5d478f7f0df8d4f",
    "https://esm.sh/v120/gun@0.2020.1239/X-ZS8q/types/sea/GunCallbackUserCreate.d.ts": "86d2d9a8358e10a8b6d9ee8f549aff46fa28b10c9a8afcd3c484adb4eae0100d",
    "https://esm.sh/v120/gun@0.2020.1239/X-ZS8q/types/sea/GunHookCallbackAuth.d.ts": "1818972551eaa723aa6c0b3e5899930a8174ec9511b67772f43bd0e935328dee",
    "https://esm.sh/v120/gun@0.2020.1239/X-ZS8q/types/sea/GunUser.d.ts": "a8bb298292ed1bdf7d127c1045d03f8a57cb7a1f162d40f1227561d4cb1dda71",
    "https://esm.sh/v120/gun@0.2020.1239/X-ZS8q/types/sea/IGun.d.ts": "6e408b73d046df23c60b8de4001aea8c3aef1c8c2e1fd21de09c27171c8063d5",
    "https://esm.sh/v120/gun@0.2020.1239/X-ZS8q/types/sea/IGunInstance.d.ts": "261ab15790583cf445e40576e1bdb101581896f6647cccc8fd635b0d7c5bb4e5",
    "https://esm.sh/v120/gun@0.2020.1239/X-ZS8q/types/sea/IGunInstanceHookHandler.d.ts": "abe0e759eb328617d9608af998bc4af0064a055d56a763542dbe2deed1d40b0a",
    "https://esm.sh/v120/gun@0.2020.1239/X-ZS8q/types/sea/IGunUserInstance.d.ts": "70eb3db130e1d20dacdd5dd1b117e43836f4690d25c4bc73c7cc59e4a001c25c",
    "https://esm.sh/v120/gun@0.2020.1239/X-ZS8q/types/sea/IPolicy.d.ts": "c38f90f6a3f7abe16384ffc96917c5c46d5d45c1a259876a0f92ff6224c84ed9",
    "https://esm.sh/v120/gun@0.2020.1239/X-ZS8q/types/sea/ISEA.d.ts": "47b2918b223be10ca09efaaf27517214a0b9560ec0102eddc6364c93e1f20407",
    "https://esm.sh/v120/gun@0.2020.1239/X-ZS8q/types/sea/ISEAPair.d.ts": "568ee1f8fb68bb33782f14be804645e40eb286d42e5534238791f4a3bc4da328",
    "https://esm.sh/v120/gun@0.2020.1239/X-ZS8q/types/sea/OptionsUserAuth.d.ts": "4972ff90332552955f988ef1893db053ac5c00c9a957f68164c705acf20506b1",
    "https://esm.sh/v120/gun@0.2020.1239/X-ZS8q/types/sea/OptionsUserRecall.d.ts": "4010a8a520e293575548e03c98e9c0108c0d4b68f46532f16b089ba5dd4aa3d4",
    "https://esm.sh/v120/gun@0.2020.1239/X-ZS8q/types/sea/Policy.d.ts": "18f9d1ed06c0eef2f10759aaf5912a4c9cb3a3b6fc8afb3c231c0371173af523",
    "https://esm.sh/v120/gun@0.2020.1239/X-ZS8q/types/sea/index.d.ts": "336d7cd6867e2d4fc2afea18acf2c1fca7118a475c65e79a4771c7b0f24e8c9d",
    "https://esm.sh/v120/gun@0.2020.1239/X-ZS8q/types/utils.d.ts": "fa0a774121ed342c752a1c29433835626bf390bcf3f9234ca93c8185f104d11e"
  }
}
